// !$*UTF8*$!
{
	archiveVersion = 1;
	classes = {
	};
	objectVersion = 48;
	objects = {

/* Begin PBXBuildFile section */
		D11DBC301F8B32670096F11C /* AppDelegate.swift in Sources */ = {isa = PBXBuildFile; fileRef = D11DBC2F1F8B32670096F11C /* AppDelegate.swift */; };
		D11DBC321F8B32670096F11C /* ViewController.swift in Sources */ = {isa = PBXBuildFile; fileRef = D11DBC311F8B32670096F11C /* ViewController.swift */; };
		D11DBC351F8B32670096F11C /* Main.storyboard in Resources */ = {isa = PBXBuildFile; fileRef = D11DBC331F8B32670096F11C /* Main.storyboard */; };
		D11DBC381F8B32670096F11C /* weather_app.xcdatamodeld in Sources */ = {isa = PBXBuildFile; fileRef = D11DBC361F8B32670096F11C /* weather_app.xcdatamodeld */; };
		D11DBC3A1F8B32670096F11C /* Assets.xcassets in Resources */ = {isa = PBXBuildFile; fileRef = D11DBC391F8B32670096F11C /* Assets.xcassets */; };
		D11DBC3D1F8B32670096F11C /* LaunchScreen.storyboard in Resources */ = {isa = PBXBuildFile; fileRef = D11DBC3B1F8B32670096F11C /* LaunchScreen.storyboard */; };
		D11DBC481F8B32670096F11C /* weather_appTests.swift in Sources */ = {isa = PBXBuildFile; fileRef = D11DBC471F8B32670096F11C /* weather_appTests.swift */; };
		D11DBC531F8B32670096F11C /* weather_appUITests.swift in Sources */ = {isa = PBXBuildFile; fileRef = D11DBC521F8B32670096F11C /* weather_appUITests.swift */; };
		D1F0CFFD1F8C8BEF00333BFF /* MainViewController.swift in Sources */ = {isa = PBXBuildFile; fileRef = D1F0CFFC1F8C8BEF00333BFF /* MainViewController.swift */; };
		D1F0CFFF1F8D446300333BFF /* UIColor.swift in Sources */ = {isa = PBXBuildFile; fileRef = D1F0CFFE1F8D446300333BFF /* UIColor.swift */; };
		D1F0D0031F8D44C500333BFF /* CGRect.swift in Sources */ = {isa = PBXBuildFile; fileRef = D1F0D0021F8D44C500333BFF /* CGRect.swift */; };
/* End PBXBuildFile section */

/* Begin PBXContainerItemProxy section */
		D11DBC441F8B32670096F11C /* PBXContainerItemProxy */ = {
			isa = PBXContainerItemProxy;
			containerPortal = D11DBC241F8B32670096F11C /* Project object */;
			proxyType = 1;
			remoteGlobalIDString = D11DBC2B1F8B32670096F11C;
			remoteInfo = "weather-app";
		};
		D11DBC4F1F8B32670096F11C /* PBXContainerItemProxy */ = {
			isa = PBXContainerItemProxy;
			containerPortal = D11DBC241F8B32670096F11C /* Project object */;
			proxyType = 1;
			remoteGlobalIDString = D11DBC2B1F8B32670096F11C;
			remoteInfo = "weather-app";
		};
/* End PBXContainerItemProxy section */

/* Begin PBXFileReference section */
		D11DBC2C1F8B32670096F11C /* weather-app.app */ = {isa = PBXFileReference; explicitFileType = wrapper.application; includeInIndex = 0; path = "weather-app.app"; sourceTree = BUILT_PRODUCTS_DIR; };
		D11DBC2F1F8B32670096F11C /* AppDelegate.swift */ = {isa = PBXFileReference; lastKnownFileType = sourcecode.swift; path = AppDelegate.swift; sourceTree = "<group>"; };
		D11DBC311F8B32670096F11C /* ViewController.swift */ = {isa = PBXFileReference; lastKnownFileType = sourcecode.swift; path = ViewController.swift; sourceTree = "<group>"; };
		D11DBC341F8B32670096F11C /* Base */ = {isa = PBXFileReference; lastKnownFileType = file.storyboard; name = Base; path = Base.lproj/Main.storyboard; sourceTree = "<group>"; };
		D11DBC371F8B32670096F11C /* weather_app.xcdatamodel */ = {isa = PBXFileReference; lastKnownFileType = wrapper.xcdatamodel; path = weather_app.xcdatamodel; sourceTree = "<group>"; };
		D11DBC391F8B32670096F11C /* Assets.xcassets */ = {isa = PBXFileReference; lastKnownFileType = folder.assetcatalog; path = Assets.xcassets; sourceTree = "<group>"; };
		D11DBC3C1F8B32670096F11C /* Base */ = {isa = PBXFileReference; lastKnownFileType = file.storyboard; name = Base; path = Base.lproj/LaunchScreen.storyboard; sourceTree = "<group>"; };
		D11DBC3E1F8B32670096F11C /* Info.plist */ = {isa = PBXFileReference; lastKnownFileType = text.plist.xml; path = Info.plist; sourceTree = "<group>"; };
		D11DBC431F8B32670096F11C /* weather-appTests.xctest */ = {isa = PBXFileReference; explicitFileType = wrapper.cfbundle; includeInIndex = 0; path = "weather-appTests.xctest"; sourceTree = BUILT_PRODUCTS_DIR; };
		D11DBC471F8B32670096F11C /* weather_appTests.swift */ = {isa = PBXFileReference; lastKnownFileType = sourcecode.swift; path = weather_appTests.swift; sourceTree = "<group>"; };
		D11DBC491F8B32670096F11C /* Info.plist */ = {isa = PBXFileReference; lastKnownFileType = text.plist.xml; path = Info.plist; sourceTree = "<group>"; };
		D11DBC4E1F8B32670096F11C /* weather-appUITests.xctest */ = {isa = PBXFileReference; explicitFileType = wrapper.cfbundle; includeInIndex = 0; path = "weather-appUITests.xctest"; sourceTree = BUILT_PRODUCTS_DIR; };
		D11DBC521F8B32670096F11C /* weather_appUITests.swift */ = {isa = PBXFileReference; lastKnownFileType = sourcecode.swift; path = weather_appUITests.swift; sourceTree = "<group>"; };
		D11DBC541F8B32670096F11C /* Info.plist */ = {isa = PBXFileReference; lastKnownFileType = text.plist.xml; path = Info.plist; sourceTree = "<group>"; };
		D1F0CFFC1F8C8BEF00333BFF /* MainViewController.swift */ = {isa = PBXFileReference; lastKnownFileType = sourcecode.swift; path = MainViewController.swift; sourceTree = "<group>"; };
		D1F0CFFE1F8D446300333BFF /* UIColor.swift */ = {isa = PBXFileReference; lastKnownFileType = sourcecode.swift; path = UIColor.swift; sourceTree = "<group>"; };
		D1F0D0021F8D44C500333BFF /* CGRect.swift */ = {isa = PBXFileReference; lastKnownFileType = sourcecode.swift; path = CGRect.swift; sourceTree = "<group>"; };
/* End PBXFileReference section */

/* Begin PBXFrameworksBuildPhase section */
		D11DBC291F8B32670096F11C /* Frameworks */ = {
			isa = PBXFrameworksBuildPhase;
			buildActionMask = 2147483647;
			files = (
			);
			runOnlyForDeploymentPostprocessing = 0;
		};
		D11DBC401F8B32670096F11C /* Frameworks */ = {
			isa = PBXFrameworksBuildPhase;
			buildActionMask = 2147483647;
			files = (
			);
			runOnlyForDeploymentPostprocessing = 0;
		};
		D11DBC4B1F8B32670096F11C /* Frameworks */ = {
			isa = PBXFrameworksBuildPhase;
			buildActionMask = 2147483647;
			files = (
			);
			runOnlyForDeploymentPostprocessing = 0;
		};
/* End PBXFrameworksBuildPhase section */

/* Begin PBXGroup section */
		D11DBC231F8B32670096F11C = {
			isa = PBXGroup;
			children = (
				D11DBC2E1F8B32670096F11C /* weather-app */,
				D11DBC461F8B32670096F11C /* weather-appTests */,
				D11DBC511F8B32670096F11C /* weather-appUITests */,
				D11DBC2D1F8B32670096F11C /* Products */,
			);
			sourceTree = "<group>";
		};
		D11DBC2D1F8B32670096F11C /* Products */ = {
			isa = PBXGroup;
			children = (
				D11DBC2C1F8B32670096F11C /* weather-app.app */,
				D11DBC431F8B32670096F11C /* weather-appTests.xctest */,
				D11DBC4E1F8B32670096F11C /* weather-appUITests.xctest */,
			);
			name = Products;
			sourceTree = "<group>";
		};
		D11DBC2E1F8B32670096F11C /* weather-app */ = {
			isa = PBXGroup;
			children = (
				D11DBC2F1F8B32670096F11C /* AppDelegate.swift */,
				D11DBC311F8B32670096F11C /* ViewController.swift */,
				D1F0D0001F8D447000333BFF /* Uitils */,
				D1F0D0011F8D448200333BFF /* View */,
				D11DBC331F8B32670096F11C /* Main.storyboard */,
				D11DBC391F8B32670096F11C /* Assets.xcassets */,
				D11DBC3B1F8B32670096F11C /* LaunchScreen.storyboard */,
				D11DBC3E1F8B32670096F11C /* Info.plist */,
				D11DBC361F8B32670096F11C /* weather_app.xcdatamodeld */,
			);
			path = "weather-app";
			sourceTree = "<group>";
		};
		D11DBC461F8B32670096F11C /* weather-appTests */ = {
			isa = PBXGroup;
			children = (
				D11DBC471F8B32670096F11C /* weather_appTests.swift */,
				D11DBC491F8B32670096F11C /* Info.plist */,
			);
			path = "weather-appTests";
			sourceTree = "<group>";
		};
		D11DBC511F8B32670096F11C /* weather-appUITests */ = {
			isa = PBXGroup;
			children = (
				D11DBC521F8B32670096F11C /* weather_appUITests.swift */,
				D11DBC541F8B32670096F11C /* Info.plist */,
			);
			path = "weather-appUITests";
			sourceTree = "<group>";
		};
		D1F0D0001F8D447000333BFF /* Uitils */ = {
			isa = PBXGroup;
			children = (
				D1F0CFFE1F8D446300333BFF /* UIColor.swift */,
				D1F0D0021F8D44C500333BFF /* CGRect.swift */,
			);
			path = Uitils;
			sourceTree = "<group>";
		};
		D1F0D0011F8D448200333BFF /* View */ = {
			isa = PBXGroup;
			children = (
				D1F0CFFC1F8C8BEF00333BFF /* MainViewController.swift */,
			);
			path = View;
			sourceTree = "<group>";
		};
/* End PBXGroup section */

/* Begin PBXNativeTarget section */
		D11DBC2B1F8B32670096F11C /* weather-app */ = {
			isa = PBXNativeTarget;
			buildConfigurationList = D11DBC571F8B32670096F11C /* Build configuration list for PBXNativeTarget "weather-app" */;
			buildPhases = (
				D11DBC281F8B32670096F11C /* Sources */,
				D11DBC291F8B32670096F11C /* Frameworks */,
				D11DBC2A1F8B32670096F11C /* Resources */,
			);
			buildRules = (
			);
			dependencies = (
			);
			name = "weather-app";
			productName = "weather-app";
			productReference = D11DBC2C1F8B32670096F11C /* weather-app.app */;
			productType = "com.apple.product-type.application";
		};
		D11DBC421F8B32670096F11C /* weather-appTests */ = {
			isa = PBXNativeTarget;
			buildConfigurationList = D11DBC5A1F8B32670096F11C /* Build configuration list for PBXNativeTarget "weather-appTests" */;
			buildPhases = (
				D11DBC3F1F8B32670096F11C /* Sources */,
				D11DBC401F8B32670096F11C /* Frameworks */,
				D11DBC411F8B32670096F11C /* Resources */,
			);
			buildRules = (
			);
			dependencies = (
				D11DBC451F8B32670096F11C /* PBXTargetDependency */,
			);
			name = "weather-appTests";
			productName = "weather-appTests";
			productReference = D11DBC431F8B32670096F11C /* weather-appTests.xctest */;
			productType = "com.apple.product-type.bundle.unit-test";
		};
		D11DBC4D1F8B32670096F11C /* weather-appUITests */ = {
			isa = PBXNativeTarget;
			buildConfigurationList = D11DBC5D1F8B32670096F11C /* Build configuration list for PBXNativeTarget "weather-appUITests" */;
			buildPhases = (
				D11DBC4A1F8B32670096F11C /* Sources */,
				D11DBC4B1F8B32670096F11C /* Frameworks */,
				D11DBC4C1F8B32670096F11C /* Resources */,
			);
			buildRules = (
			);
			dependencies = (
				D11DBC501F8B32670096F11C /* PBXTargetDependency */,
			);
			name = "weather-appUITests";
			productName = "weather-appUITests";
			productReference = D11DBC4E1F8B32670096F11C /* weather-appUITests.xctest */;
			productType = "com.apple.product-type.bundle.ui-testing";
		};
/* End PBXNativeTarget section */

/* Begin PBXProject section */
		D11DBC241F8B32670096F11C /* Project object */ = {
			isa = PBXProject;
			attributes = {
				LastSwiftUpdateCheck = 0900;
				LastUpgradeCheck = 0900;
				ORGANIZATIONNAME = "Annie Tang";
				TargetAttributes = {
					D11DBC2B1F8B32670096F11C = {
						CreatedOnToolsVersion = 9.0;
						ProvisioningStyle = Automatic;
					};
					D11DBC421F8B32670096F11C = {
						CreatedOnToolsVersion = 9.0;
						ProvisioningStyle = Automatic;
						TestTargetID = D11DBC2B1F8B32670096F11C;
					};
					D11DBC4D1F8B32670096F11C = {
						CreatedOnToolsVersion = 9.0;
						ProvisioningStyle = Automatic;
						TestTargetID = D11DBC2B1F8B32670096F11C;
					};
				};
			};
			buildConfigurationList = D11DBC271F8B32670096F11C /* Build configuration list for PBXProject "weather-app" */;
			compatibilityVersion = "Xcode 8.0";
			developmentRegion = en;
			hasScannedForEncodings = 0;
			knownRegions = (
				en,
				Base,
			);
			mainGroup = D11DBC231F8B32670096F11C;
			productRefGroup = D11DBC2D1F8B32670096F11C /* Products */;
			projectDirPath = "";
			projectRoot = "";
			targets = (
				D11DBC2B1F8B32670096F11C /* weather-app */,
				D11DBC421F8B32670096F11C /* weather-appTests */,
				D11DBC4D1F8B32670096F11C /* weather-appUITests */,
			);
		};
/* End PBXProject section */

/* Begin PBXResourcesBuildPhase section */
		D11DBC2A1F8B32670096F11C /* Resources */ = {
			isa = PBXResourcesBuildPhase;
			buildActionMask = 2147483647;
			files = (
				D11DBC3D1F8B32670096F11C /* LaunchScreen.storyboard in Resources */,
				D11DBC3A1F8B32670096F11C /* Assets.xcassets in Resources */,
				D11DBC351F8B32670096F11C /* Main.storyboard in Resources */,
			);
			runOnlyForDeploymentPostprocessing = 0;
		};
		D11DBC411F8B32670096F11C /* Resources */ = {
			isa = PBXResourcesBuildPhase;
			buildActionMask = 2147483647;
			files = (
			);
			runOnlyForDeploymentPostprocessing = 0;
		};
		D11DBC4C1F8B32670096F11C /* Resources */ = {
			isa = PBXResourcesBuildPhase;
			buildActionMask = 2147483647;
			files = (
			);
			runOnlyForDeploymentPostprocessing = 0;
		};
/* End PBXResourcesBuildPhase section */

/* Begin PBXSourcesBuildPhase section */
		D11DBC281F8B32670096F11C /* Sources */ = {
			isa = PBXSourcesBuildPhase;
			buildActionMask = 2147483647;
			files = (
				D11DBC381F8B32670096F11C /* weather_app.xcdatamodeld in Sources */,
				D1F0D0031F8D44C500333BFF /* CGRect.swift in Sources */,
				D11DBC321F8B32670096F11C /* ViewController.swift in Sources */,
				D11DBC301F8B32670096F11C /* AppDelegate.swift in Sources */,
				D1F0CFFD1F8C8BEF00333BFF /* MainViewController.swift in Sources */,
				D1F0CFFF1F8D446300333BFF /* UIColor.swift in Sources */,
			);
			runOnlyForDeploymentPostprocessing = 0;
		};
		D11DBC3F1F8B32670096F11C /* Sources */ = {
			isa = PBXSourcesBuildPhase;
			buildActionMask = 2147483647;
			files = (
				D11DBC481F8B32670096F11C /* weather_appTests.swift in Sources */,
			);
			runOnlyForDeploymentPostprocessing = 0;
		};
		D11DBC4A1F8B32670096F11C /* Sources */ = {
			isa = PBXSourcesBuildPhase;
			buildActionMask = 2147483647;
			files = (
				D11DBC531F8B32670096F11C /* weather_appUITests.swift in Sources */,
			);
			runOnlyForDeploymentPostprocessing = 0;
		};
/* End PBXSourcesBuildPhase section */

/* Begin PBXTargetDependency section */
		D11DBC451F8B32670096F11C /* PBXTargetDependency */ = {
			isa = PBXTargetDependency;
			target = D11DBC2B1F8B32670096F11C /* weather-app */;
			targetProxy = D11DBC441F8B32670096F11C /* PBXContainerItemProxy */;
		};
		D11DBC501F8B32670096F11C /* PBXTargetDependency */ = {
			isa = PBXTargetDependency;
			target = D11DBC2B1F8B32670096F11C /* weather-app */;
			targetProxy = D11DBC4F1F8B32670096F11C /* PBXContainerItemProxy */;
		};
/* End PBXTargetDependency section */

/* Begin PBXVariantGroup section */
		D11DBC331F8B32670096F11C /* Main.storyboard */ = {
			isa = PBXVariantGroup;
			children = (
				D11DBC341F8B32670096F11C /* Base */,
			);
			name = Main.storyboard;
			sourceTree = "<group>";
		};
		D11DBC3B1F8B32670096F11C /* LaunchScreen.storyboard */ = {
			isa = PBXVariantGroup;
			children = (
				D11DBC3C1F8B32670096F11C /* Base */,
			);
			name = LaunchScreen.storyboard;
			sourceTree = "<group>";
		};
/* End PBXVariantGroup section */

/* Begin XCBuildConfiguration section */
		D11DBC551F8B32670096F11C /* Debug */ = {
			isa = XCBuildConfiguration;
			buildSettings = {
				ALWAYS_SEARCH_USER_PATHS = NO;
				CLANG_ANALYZER_NONNULL = YES;
				CLANG_ANALYZER_NUMBER_OBJECT_CONVERSION = YES_AGGRESSIVE;
				CLANG_CXX_LANGUAGE_STANDARD = "gnu++14";
				CLANG_CXX_LIBRARY = "libc++";
				CLANG_ENABLE_MODULES = YES;
				CLANG_ENABLE_OBJC_ARC = YES;
				CLANG_WARN_BLOCK_CAPTURE_AUTORELEASING = YES;
				CLANG_WARN_BOOL_CONVERSION = YES;
				CLANG_WARN_COMMA = YES;
				CLANG_WARN_CONSTANT_CONVERSION = YES;
				CLANG_WARN_DIRECT_OBJC_ISA_USAGE = YES_ERROR;
				CLANG_WARN_DOCUMENTATION_COMMENTS = YES;
				CLANG_WARN_EMPTY_BODY = YES;
				CLANG_WARN_ENUM_CONVERSION = YES;
				CLANG_WARN_INFINITE_RECURSION = YES;
				CLANG_WARN_INT_CONVERSION = YES;
				CLANG_WARN_NON_LITERAL_NULL_CONVERSION = YES;
				CLANG_WARN_OBJC_LITERAL_CONVERSION = YES;
				CLANG_WARN_OBJC_ROOT_CLASS = YES_ERROR;
				CLANG_WARN_RANGE_LOOP_ANALYSIS = YES;
				CLANG_WARN_STRICT_PROTOTYPES = YES;
				CLANG_WARN_SUSPICIOUS_MOVE = YES;
				CLANG_WARN_UNGUARDED_AVAILABILITY = YES_AGGRESSIVE;
				CLANG_WARN_UNREACHABLE_CODE = YES;
				CLANG_WARN__DUPLICATE_METHOD_MATCH = YES;
				CODE_SIGN_IDENTITY = "iPhone Developer";
				COPY_PHASE_STRIP = NO;
				DEBUG_INFORMATION_FORMAT = dwarf;
				ENABLE_STRICT_OBJC_MSGSEND = YES;
				ENABLE_TESTABILITY = YES;
				GCC_C_LANGUAGE_STANDARD = gnu11;
				GCC_DYNAMIC_NO_PIC = NO;
				GCC_NO_COMMON_BLOCKS = YES;
				GCC_OPTIMIZATION_LEVEL = 0;
				GCC_PREPROCESSOR_DEFINITIONS = (
					"DEBUG=1",
					"$(inherited)",
				);
				GCC_WARN_64_TO_32_BIT_CONVERSION = YES;
				GCC_WARN_ABOUT_RETURN_TYPE = YES_ERROR;
				GCC_WARN_UNDECLARED_SELECTOR = YES;
				GCC_WARN_UNINITIALIZED_AUTOS = YES_AGGRESSIVE;
				GCC_WARN_UNUSED_FUNCTION = YES;
				GCC_WARN_UNUSED_VARIABLE = YES;
				IPHONEOS_DEPLOYMENT_TARGET = 11.0;
				MTL_ENABLE_DEBUG_INFO = YES;
				ONLY_ACTIVE_ARCH = YES;
				SDKROOT = iphoneos;
				SWIFT_ACTIVE_COMPILATION_CONDITIONS = DEBUG;
				SWIFT_OPTIMIZATION_LEVEL = "-Onone";
			};
			name = Debug;
		};
		D11DBC561F8B32670096F11C /* Release */ = {
			isa = XCBuildConfiguration;
			buildSettings = {
				ALWAYS_SEARCH_USER_PATHS = NO;
				CLANG_ANALYZER_NONNULL = YES;
				CLANG_ANALYZER_NUMBER_OBJECT_CONVERSION = YES_AGGRESSIVE;
				CLANG_CXX_LANGUAGE_STANDARD = "gnu++14";
				CLANG_CXX_LIBRARY = "libc++";
				CLANG_ENABLE_MODULES = YES;
				CLANG_ENABLE_OBJC_ARC = YES;
				CLANG_WARN_BLOCK_CAPTURE_AUTORELEASING = YES;
				CLANG_WARN_BOOL_CONVERSION = YES;
				CLANG_WARN_COMMA = YES;
				CLANG_WARN_CONSTANT_CONVERSION = YES;
				CLANG_WARN_DIRECT_OBJC_ISA_USAGE = YES_ERROR;
				CLANG_WARN_DOCUMENTATION_COMMENTS = YES;
				CLANG_WARN_EMPTY_BODY = YES;
				CLANG_WARN_ENUM_CONVERSION = YES;
				CLANG_WARN_INFINITE_RECURSION = YES;
				CLANG_WARN_INT_CONVERSION = YES;
				CLANG_WARN_NON_LITERAL_NULL_CONVERSION = YES;
				CLANG_WARN_OBJC_LITERAL_CONVERSION = YES;
				CLANG_WARN_OBJC_ROOT_CLASS = YES_ERROR;
				CLANG_WARN_RANGE_LOOP_ANALYSIS = YES;
				CLANG_WARN_STRICT_PROTOTYPES = YES;
				CLANG_WARN_SUSPICIOUS_MOVE = YES;
				CLANG_WARN_UNGUARDED_AVAILABILITY = YES_AGGRESSIVE;
				CLANG_WARN_UNREACHABLE_CODE = YES;
				CLANG_WARN__DUPLICATE_METHOD_MATCH = YES;
				CODE_SIGN_IDENTITY = "iPhone Developer";
				COPY_PHASE_STRIP = NO;
				DEBUG_INFORMATION_FORMAT = "dwarf-with-dsym";
				ENABLE_NS_ASSERTIONS = NO;
				ENABLE_STRICT_OBJC_MSGSEND = YES;
				GCC_C_LANGUAGE_STANDARD = gnu11;
				GCC_NO_COMMON_BLOCKS = YES;
				GCC_WARN_64_TO_32_BIT_CONVERSION = YES;
				GCC_WARN_ABOUT_RETURN_TYPE = YES_ERROR;
				GCC_WARN_UNDECLARED_SELECTOR = YES;
				GCC_WARN_UNINITIALIZED_AUTOS = YES_AGGRESSIVE;
				GCC_WARN_UNUSED_FUNCTION = YES;
				GCC_WARN_UNUSED_VARIABLE = YES;
				IPHONEOS_DEPLOYMENT_TARGET = 11.0;
				MTL_ENABLE_DEBUG_INFO = NO;
				SDKROOT = iphoneos;
				SWIFT_OPTIMIZATION_LEVEL = "-Owholemodule";
				VALIDATE_PRODUCT = YES;
			};
			name = Release;
		};
		D11DBC581F8B32670096F11C /* Debug */ = {
			isa = XCBuildConfiguration;
			buildSettings = {
				ASSETCATALOG_COMPILER_APPICON_NAME = AppIcon;
				CODE_SIGN_STYLE = Automatic;
				INFOPLIST_FILE = "weather-app/Info.plist";
				LD_RUNPATH_SEARCH_PATHS = "$(inherited) @executable_path/Frameworks";
				PRODUCT_BUNDLE_IDENTIFIER = "Mobile-Development.weather-app";
				PRODUCT_NAME = "$(TARGET_NAME)";
				SWIFT_VERSION = 4.0;
				TARGETED_DEVICE_FAMILY = "1,2";
			};
			name = Debug;
		};
		D11DBC591F8B32670096F11C /* Release */ = {
			isa = XCBuildConfiguration;
			buildSettings = {
				ASSETCATALOG_COMPILER_APPICON_NAME = AppIcon;
				CODE_SIGN_STYLE = Automatic;
				INFOPLIST_FILE = "weather-app/Info.plist";
				LD_RUNPATH_SEARCH_PATHS = "$(inherited) @executable_path/Frameworks";
				PRODUCT_BUNDLE_IDENTIFIER = "Mobile-Development.weather-app";
				PRODUCT_NAME = "$(TARGET_NAME)";
				SWIFT_VERSION = 4.0;
				TARGETED_DEVICE_FAMILY = "1,2";
			};
			name = Release;
		};
		D11DBC5B1F8B32670096F11C /* Debug */ = {
			isa = XCBuildConfiguration;
			buildSettings = {
				ALWAYS_EMBED_SWIFT_STANDARD_LIBRARIES = YES;
				BUNDLE_LOADER = "$(TEST_HOST)";
				CODE_SIGN_STYLE = Automatic;
				INFOPLIST_FILE = "weather-appTests/Info.plist";
				LD_RUNPATH_SEARCH_PATHS = "$(inherited) @executable_path/Frameworks @loader_path/Frameworks";
				PRODUCT_BUNDLE_IDENTIFIER = "Mobile-Development.weather-appTests";
				PRODUCT_NAME = "$(TARGET_NAME)";
				SWIFT_VERSION = 4.0;
				TARGETED_DEVICE_FAMILY = "1,2";
				TEST_HOST = "$(BUILT_PRODUCTS_DIR)/weather-app.app/weather-app";
			};
			name = Debug;
		};
		D11DBC5C1F8B32670096F11C /* Release */ = {
			isa = XCBuildConfiguration;
			buildSettings = {
				ALWAYS_EMBED_SWIFT_STANDARD_LIBRARIES = YES;
				BUNDLE_LOADER = "$(TEST_HOST)";
				CODE_SIGN_STYLE = Automatic;
				INFOPLIST_FILE = "weather-appTests/Info.plist";
				LD_RUNPATH_SEARCH_PATHS = "$(inherited) @executable_path/Frameworks @loader_path/Frameworks";
				PRODUCT_BUNDLE_IDENTIFIER = "Mobile-Development.weather-appTests";
				PRODUCT_NAME = "$(TARGET_NAME)";
				SWIFT_VERSION = 4.0;
				TARGETED_DEVICE_FAMILY = "1,2";
				TEST_HOST = "$(BUILT_PRODUCTS_DIR)/weather-app.app/weather-app";
			};
			name = Release;
		};
		D11DBC5E1F8B32670096F11C /* Debug */ = {
			isa = XCBuildConfiguration;
			buildSettings = {
				ALWAYS_EMBED_SWIFT_STANDARD_LIBRARIES = YES;
				CODE_SIGN_STYLE = Automatic;
				INFOPLIST_FILE = "weather-appUITests/Info.plist";
				LD_RUNPATH_SEARCH_PATHS = "$(inherited) @executable_path/Frameworks @loader_path/Frameworks";
				PRODUCT_BUNDLE_IDENTIFIER = "Mobile-Development.weather-appUITests";
				PRODUCT_NAME = "$(TARGET_NAME)";
				SWIFT_VERSION = 4.0;
				TARGETED_DEVICE_FAMILY = "1,2";
				TEST_TARGET_NAME = "weather-app";
			};
			name = Debug;
		};
		D11DBC5F1F8B32670096F11C /* Release */ = {
			isa = XCBuildConfiguration;
			buildSettings = {
				ALWAYS_EMBED_SWIFT_STANDARD_LIBRARIES = YES;
				CODE_SIGN_STYLE = Automatic;
				INFOPLIST_FILE = "weather-appUITests/Info.plist";
				LD_RUNPATH_SEARCH_PATHS = "$(inherited) @executable_path/Frameworks @loader_path/Frameworks";
				PRODUCT_BUNDLE_IDENTIFIER = "Mobile-Development.weather-appUITests";
				PRODUCT_NAME = "$(TARGET_NAME)";
				SWIFT_VERSION = 4.0;
				TARGETED_DEVICE_FAMILY = "1,2";
				TEST_TARGET_NAME = "weather-app";
			};
			name = Release;
		};
/* End XCBuildConfiguration section */

/* Begin XCConfigurationList section */
		D11DBC271F8B32670096F11C /* Build configuration list for PBXProject "weather-app" */ = {
			isa = XCConfigurationList;
			buildConfigurations = (
				D11DBC551F8B32670096F11C /* Debug */,
				D11DBC561F8B32670096F11C /* Release */,
			);
			defaultConfigurationIsVisible = 0;
			defaultConfigurationName = Release;
		};
		D11DBC571F8B32670096F11C /* Build configuration list for PBXNativeTarget "weather-app" */ = {
			isa = XCConfigurationList;
			buildConfigurations = (
				D11DBC581F8B32670096F11C /* Debug */,
				D11DBC591F8B32670096F11C /* Release */,
			);
			defaultConfigurationIsVisible = 0;
			defaultConfigurationName = Release;
		};
		D11DBC5A1F8B32670096F11C /* Build configuration list for PBXNativeTarget "weather-appTests" */ = {
			isa = XCConfigurationList;
			buildConfigurations = (
				D11DBC5B1F8B32670096F11C /* Debug */,
				D11DBC5C1F8B32670096F11C /* Release */,
			);
			defaultConfigurationIsVisible = 0;
			defaultConfigurationName = Release;
		};
		D11DBC5D1F8B32670096F11C /* Build configuration list for PBXNativeTarget "weather-appUITests" */ = {
			isa = XCConfigurationList;
			buildConfigurations = (
				D11DBC5E1F8B32670096F11C /* Debug */,
				D11DBC5F1F8B32670096F11C /* Release */,
			);
			defaultConfigurationIsVisible = 0;
			defaultConfigurationName = Release;
		};
/* End XCConfigurationList section */

/* Begin XCVersionGroup section */
		D11DBC361F8B32670096F11C /* weather_app.xcdatamodeld */ = {
			isa = XCVersionGroup;
			children = (
				D11DBC371F8B32670096F11C /* weather_app.xcdatamodel */,
			);
			currentVersion = D11DBC371F8B32670096F11C /* weather_app.xcdatamodel */;
			path = weather_app.xcdatamodeld;
			sourceTree = "<group>";
			versionGroupType = wrapper.xcdatamodel;
		};
/* End XCVersionGroup section */
	};
	rootObject = D11DBC241F8B32670096F11C /* Project object */;
}
